{
  "name": "toml",
  "version": "4.0.1",
  "lockfileVersion": 3,
  "requires": true,
  "packages": {
    "": {
      "name": "toml",
      "version": "4.0.1",
      "license": "MIT",
      "devDependencies": {
        "peggy": "^5.1.0"
      },
      "engines": {
        "node": ">=20"
      }
    },
    "node_modules/@peggyjs/from-mem": {
      "version": "3.1.3",
      "resolved": "https://registry.npmjs.org/@peggyjs/from-mem/-/from-mem-3.1.3.tgz",
      "integrity": "sha512-LLlgtfXIaeYXoOYovOI0spLM8ZXaqkAlmcRRrLzHJzLMqkU6Sw0R4KMoCoHx1PjaP815pSCBlS+BN6aD8t1Jgg==",
      "dev": true,
      "license": "MIT",
      "dependencies": {
        "semver": "7.7.4"
      },
      "engines": {
        "node": ">=20.8"
      }
    },
    "node_modules/peggy": {
      "version": "5.1.0",
      "resolved": "https://registry.npmjs.org/peggy/-/peggy-5.1.0.tgz",
      "integrity": "sha512-IEo5aYRZ2kXH4Qby06cjtL114PZnwLoTiA41vUmg2vPZgANn+c87m5BUurhuDr5/cu758ZlpgsAfBVx+hhO5+w==",
      "dev": true,
      "license": "MIT",
      "dependencies": {
        "@peggyjs/from-mem": "3.1.3",
        "commander": "^14.0.3",
        "source-map-generator": "2.0.6"
      },
      "bin": {
        "peggy": "bin/peggy.js"
      },
      "engines": {
        "node": ">=20"
      }
    },
    "node_modules/peggy/node_modules/commander": {
      "version": "14.0.3",
      "resolved": "https://registry.npmjs.org/commander/-/commander-14.0.3.tgz",
      "integrity": "sha512-H+y0Jo/T1RZ9qPP4Eh1pkcQcLRglraJaSLoyOtHxu6AapkjWVCy2Sit1QQ4x3Dng8qDlSsZEet7g5Pq06MvTgw==",
      "dev": true,
      "license": "MIT",
      "engines": {
        "node": ">=20"
      }
    },
    "node_modules/semver": {
      "version": "7.7.4",
      "resolved": "https://registry.npmjs.org/semver/-/semver-7.7.4.tgz",
      "integrity": "sha512-vFKC2IEtQnVhpT78h1Yp8wzwrf8CM+MzKMHGJZfBtzhZNycRFnXsHk6E5TxIkkMsgNS7mdX3AGB7x2QM2di4lA==",
      "dev": true,
      "license": "ISC",
      "bin": {
        "semver": "bin/semver.js"
      },
      "engines": {
        "node": ">=10"
      }
    },
    "node_modules/source-map-generator": {
      "version": "2.0.6",
      "resolved": "https://registry.npmjs.org/source-map-generator/-/source-map-generator-2.0.6.tgz",
      "integrity": "sha512-IlassDs1Ve8nV6uyQZXF9kdkJpVKnMte2JZQXu13M0A5zwc+vu6+LNHfmxsHBMDtoZE21RHiKI0/xvpecZRCNg==",
      "dev": true,
      "license": "BSD-3-Clause",
      "engines": {
        "node": ">=20"
      }
    }
  }
}
